// !$*UTF8*$!
{
	archiveVersion = 1;
	classes = {
	};
	objectVersion = 48;
	objects = {

/* Begin PBXBuildFile section */
		04477A0421A502D600414AB5 /* PopViewController.m in Sources */ = {isa = PBXBuildFile; fileRef = 04477A0321A502D600414AB5 /* PopViewController.m */; };
		04477A0821A5477000414AB5 /* TableviewCtr.m in Sources */ = {isa = PBXBuildFile; fileRef = 04477A0721A5477000414AB5 /* TableviewCtr.m */; };
		0454C034215CDE99007E1053 /* BTabBarController.m in Sources */ = {isa = PBXBuildFile; fileRef = 0454C033215CDE99007E1053 /* BTabBarController.m */; };
		046FC1E72134EB7900B35B8E /* DropDownEffectCtr.m in Sources */ = {isa = PBXBuildFile; fileRef = 046FC1E62134EB7900B35B8E /* DropDownEffectCtr.m */; };
		04769EA52140FC5C00C77B39 /* WKWebViewCtr.m in Sources */ = {isa = PBXBuildFile; fileRef = 04769EA42140FC5C00C77B39 /* WKWebViewCtr.m */; };
		0499FE06219EA7AE00F058E6 /* CustomAlterCtr.m in Sources */ = {isa = PBXBuildFile; fileRef = 0499FE05219EA7AE00F058E6 /* CustomAlterCtr.m */; };
		0499FE07219EB0AB00F058E6 /* CustomAlter.m in Sources */ = {isa = PBXBuildFile; fileRef = 0499FE02219EA74700F058E6 /* CustomAlter.m */; };
		04A0C2F9219528D100B8DC3A /* ProgramManageCtr.m in Sources */ = {isa = PBXBuildFile; fileRef = 04A0C2F8219528D100B8DC3A /* ProgramManageCtr.m */; };
		04A0C2FC21952DC600B8DC3A /* TestCell.m in Sources */ = {isa = PBXBuildFile; fileRef = 04A0C2FB21952DC600B8DC3A /* TestCell.m */; };
		04A11330218698DD0041BB71 /* baseNavigationController.m in Sources */ = {isa = PBXBuildFile; fileRef = 04A1132F218698DD0041BB71 /* baseNavigationController.m */; };
		04A11333218698FB0041BB71 /* baseViewController.m in Sources */ = {isa = PBXBuildFile; fileRef = 04A11332218698FB0041BB71 /* baseViewController.m */; };
		04A1133B2186A3460041BB71 /* WaterfallFlowCtr.m in Sources */ = {isa = PBXBuildFile; fileRef = 04A1133A2186A3460041BB71 /* WaterfallFlowCtr.m */; };
		04A1133E2186A4B30041BB71 /* WaterFlowLayout.m in Sources */ = {isa = PBXBuildFile; fileRef = 04A1133D2186A4B30041BB71 /* WaterFlowLayout.m */; };
		04A113422186AF630041BB71 /* WaterfallFlowCell.m in Sources */ = {isa = PBXBuildFile; fileRef = 04A113412186AF630041BB71 /* WaterfallFlowCell.m */; };
		04A113452186AFF60041BB71 /* PersonModel.m in Sources */ = {isa = PBXBuildFile; fileRef = 04A113442186AFF60041BB71 /* PersonModel.m */; };
		04AC343B21830D2000E9C7E2 /* StartDemoViewController.m in Sources */ = {isa = PBXBuildFile; fileRef = 04AC343A21830D2000E9C7E2 /* StartDemoViewController.m */; };
		04B4881D218BEF0E00394CF8 /* SimulatData.m in Sources */ = {isa = PBXBuildFile; fileRef = 04B4881C218BEF0E00394CF8 /* SimulatData.m */; };
		04E40F702133AADA008DE865 /* AppDelegate.m in Sources */ = {isa = PBXBuildFile; fileRef = 04E40F6F2133AADA008DE865 /* AppDelegate.m */; };
		04E40F732133AADA008DE865 /* ViewController.m in Sources */ = {isa = PBXBuildFile; fileRef = 04E40F722133AADA008DE865 /* ViewController.m */; };
		04E40F762133AADA008DE865 /* Main.storyboard in Resources */ = {isa = PBXBuildFile; fileRef = 04E40F742133AADA008DE865 /* Main.storyboard */; };
		04E40F792133AADA008DE865 /* demos.xcdatamodeld in Sources */ = {isa = PBXBuildFile; fileRef = 04E40F772133AADA008DE865 /* demos.xcdatamodeld */; };
		04E40F7B2133AADA008DE865 /* Assets.xcassets in Resources */ = {isa = PBXBuildFile; fileRef = 04E40F7A2133AADA008DE865 /* Assets.xcassets */; };
		04E40F7E2133AADA008DE865 /* LaunchScreen.storyboard in Resources */ = {isa = PBXBuildFile; fileRef = 04E40F7C2133AADA008DE865 /* LaunchScreen.storyboard */; };
		04E40F812133AADA008DE865 /* main.m in Sources */ = {isa = PBXBuildFile; fileRef = 04E40F802133AADA008DE865 /* main.m */; };
		04E40F8A2133CEEF008DE865 /* ColorGradientDemoViewController.m in Sources */ = {isa = PBXBuildFile; fileRef = 04E40F892133CEEF008DE865 /* ColorGradientDemoViewController.m */; };
		11635F4B22DC7C7200FC2D9A /* PushKit.framework in Frameworks */ = {isa = PBXBuildFile; fileRef = 11635F4A22DC7C7200FC2D9A /* PushKit.framework */; };
		11657F3F22D7156F006FA12D /* ChatViewController.m in Sources */ = {isa = PBXBuildFile; fileRef = 11657F3E22D7156F006FA12D /* ChatViewController.m */; };
		11770FDF22D83111009987AB /* ChatViewCtr.m in Sources */ = {isa = PBXBuildFile; fileRef = 11770FDE22D83111009987AB /* ChatViewCtr.m */; };
		1190DBBF229F9DD100D8FCC1 /* FileOperationCtr.m in Sources */ = {isa = PBXBuildFile; fileRef = 1190DBBE229F9DD100D8FCC1 /* FileOperationCtr.m */; };
		1190DBC1229F9F4E00D8FCC1 /* cmdlist.txt in Resources */ = {isa = PBXBuildFile; fileRef = 1190DBC0229F9F4E00D8FCC1 /* cmdlist.txt */; };
		1190DBC4229FC2EB00D8FCC1 /* CmdModel.m in Sources */ = {isa = PBXBuildFile; fileRef = 1190DBC3229FC2EB00D8FCC1 /* CmdModel.m */; };
		11A431F9224C8D9900A606B4 /* DropdownMenu.m in Sources */ = {isa = PBXBuildFile; fileRef = 11A431F6224C8D9900A606B4 /* DropdownMenu.m */; };
		11A431FA224C8D9900A606B4 /* DropDownMenuViewController.m in Sources */ = {isa = PBXBuildFile; fileRef = 11A431F8224C8D9900A606B4 /* DropDownMenuViewController.m */; };
		11A748132251E388002E9E01 /* NSDictionary expanded.m in Sources */ = {isa = PBXBuildFile; fileRef = 11A7480F2251E388002E9E01 /* NSDictionary expanded.m */; };
		11A748142251E388002E9E01 /* README.md in Resources */ = {isa = PBXBuildFile; fileRef = 11A748102251E388002E9E01 /* README.md */; };
		11A748152251E388002E9E01 /* SocketHelper.m in Sources */ = {isa = PBXBuildFile; fileRef = 11A748122251E388002E9E01 /* SocketHelper.m */; };
		11A748182251E607002E9E01 /* SoketViewController.m in Sources */ = {isa = PBXBuildFile; fileRef = 11A748172251E607002E9E01 /* SoketViewController.m */; };
		11C5B92122FD5414001F58B5 /* BlueToothLinkViewController.m in Sources */ = {isa = PBXBuildFile; fileRef = 11C5B92022FD5414001F58B5 /* BlueToothLinkViewController.m */; };
		A2D2CC6E7A744A4134A7EE9B /* libPods-demos.a in Frameworks */ = {isa = PBXBuildFile; fileRef = 0050D057CE35136671FBE3B1 /* libPods-demos.a */; };
		D4CCA7EC24E144D0003AF989 /* UserNotifications.framework in Frameworks */ = {isa = PBXBuildFile; fileRef = D4CCA7C424E12A69003AF989 /* UserNotifications.framework */; };
		D4CCA7ED24E144D0003AF989 /* UserNotificationsUI.framework in Frameworks */ = {isa = PBXBuildFile; fileRef = D4CCA7C624E12A69003AF989 /* UserNotificationsUI.framework */; };
		D4CCA7F124E144D0003AF989 /* NotificationViewController.m in Sources */ = {isa = PBXBuildFile; fileRef = D4CCA7F024E144D0003AF989 /* NotificationViewController.m */; };
		D4CCA7F424E144D0003AF989 /* MainInterface.storyboard in Resources */ = {isa = PBXBuildFile; fileRef = D4CCA7F224E144D0003AF989 /* MainInterface.storyboard */; };
		D4CCA7F824E144D0003AF989 /* content.appex in Embed App Extensions */ = {isa = PBXBuildFile; fileRef = D4CCA7EB24E144D0003AF989 /* content.appex */; settings = {ATTRIBUTES = (RemoveHeadersOnCopy, ); }; };
		D4CCA80424E14501003AF989 /* NotificationService.m in Sources */ = {isa = PBXBuildFile; fileRef = D4CCA80324E14501003AF989 /* NotificationService.m */; };
		D4CCA80824E14501003AF989 /* sever.appex in Embed App Extensions */ = {isa = PBXBuildFile; fileRef = D4CCA80024E14501003AF989 /* sever.appex */; settings = {ATTRIBUTES = (RemoveHeadersOnCopy, ); }; };
/* End PBXBuildFile section */

/* Begin PBXContainerItemProxy section */
		D4CCA7F624E144D0003AF989 /* PBXContainerItemProxy */ = {
			isa = PBXContainerItemProxy;
			containerPortal = 04E40F632133AADA008DE865 /* Project object */;
			proxyType = 1;
			remoteGlobalIDString = D4CCA7EA24E144D0003AF989;
			remoteInfo = content;
		};
		D4CCA80624E14501003AF989 /* PBXContainerItemProxy */ = {
			isa = PBXContainerItemProxy;
			containerPortal = 04E40F632133AADA008DE865 /* Project object */;
			proxyType = 1;
			remoteGlobalIDString = D4CCA7FF24E14501003AF989;
			remoteInfo = sever;
		};
/* End PBXContainerItemProxy section */

/* Begin PBXCopyFilesBuildPhase section */
		D4CCA7D624E12A69003AF989 /* Embed App Extensions */ = {
			isa = PBXCopyFilesBuildPhase;
			buildActionMask = 2147483647;
			dstPath = "";
			dstSubfolderSpec = 13;
			files = (
				D4CCA80824E14501003AF989 /* sever.appex in Embed App Extensions */,
				D4CCA7F824E144D0003AF989 /* content.appex in Embed App Extensions */,
			);
			name = "Embed App Extensions";
			runOnlyForDeploymentPostprocessing = 0;
		};
/* End PBXCopyFilesBuildPhase section */

/* Begin PBXFileReference section */
		0050D057CE35136671FBE3B1 /* libPods-demos.a */ = {isa = PBXFileReference; explicitFileType = archive.ar; includeInIndex = 0; path = "libPods-demos.a"; sourceTree = BUILT_PRODUCTS_DIR; };
		04477A0221A502D600414AB5 /* PopViewController.h */ = {isa = PBXFileReference; lastKnownFileType = sourcecode.c.h; path = PopViewController.h; sourceTree = "<group>"; };
		04477A0321A502D600414AB5 /* PopViewController.m */ = {isa = PBXFileReference; lastKnownFileType = sourcecode.c.objc; path = PopViewController.m; sourceTree = "<group>"; };
		04477A0621A5477000414AB5 /* TableviewCtr.h */ = {isa = PBXFileReference; lastKnownFileType = sourcecode.c.h; path = TableviewCtr.h; sourceTree = "<group>"; };
		04477A0721A5477000414AB5 /* TableviewCtr.m */ = {isa = PBXFileReference; lastKnownFileType = sourcecode.c.objc; path = TableviewCtr.m; sourceTree = "<group>"; };
		0454C032215CDE99007E1053 /* BTabBarController.h */ = {isa = PBXFileReference; lastKnownFileType = sourcecode.c.h; path = BTabBarController.h; sourceTree = "<group>"; };
		0454C033215CDE99007E1053 /* BTabBarController.m */ = {isa = PBXFileReference; lastKnownFileType = sourcecode.c.objc; path = BTabBarController.m; sourceTree = "<group>"; };
		046FC1E52134EB7900B35B8E /* DropDownEffectCtr.h */ = {isa = PBXFileReference; lastKnownFileType = sourcecode.c.h; path = DropDownEffectCtr.h; sourceTree = "<group>"; };
		046FC1E62134EB7900B35B8E /* DropDownEffectCtr.m */ = {isa = PBXFileReference; lastKnownFileType = sourcecode.c.objc; path = DropDownEffectCtr.m; sourceTree = "<group>"; };
		04769EA32140FC5C00C77B39 /* WKWebViewCtr.h */ = {isa = PBXFileReference; lastKnownFileType = sourcecode.c.h; path = WKWebViewCtr.h; sourceTree = "<group>"; };
		04769EA42140FC5C00C77B39 /* WKWebViewCtr.m */ = {isa = PBXFileReference; lastKnownFileType = sourcecode.c.objc; path = WKWebViewCtr.m; sourceTree = "<group>"; };
		0499FE02219EA74700F058E6 /* CustomAlter.m */ = {isa = PBXFileReference; lastKnownFileType = sourcecode.c.objc; path = CustomAlter.m; sourceTree = "<group>"; };
		0499FE03219EA74700F058E6 /* CustomAlter.h */ = {isa = PBXFileReference; lastKnownFileType = sourcecode.c.h; path = CustomAlter.h; sourceTree = "<group>"; };
		0499FE04219EA7AE00F058E6 /* CustomAlterCtr.h */ = {isa = PBXFileReference; lastKnownFileType = sourcecode.c.h; path = CustomAlterCtr.h; sourceTree = "<group>"; };
		0499FE05219EA7AE00F058E6 /* CustomAlterCtr.m */ = {isa = PBXFileReference; lastKnownFileType = sourcecode.c.objc; path = CustomAlterCtr.m; sourceTree = "<group>"; };
		04A0C2F7219528D100B8DC3A /* ProgramManageCtr.h */ = {isa = PBXFileReference; lastKnownFileType = sourcecode.c.h; path = ProgramManageCtr.h; sourceTree = "<group>"; };
		04A0C2F8219528D100B8DC3A /* ProgramManageCtr.m */ = {isa = PBXFileReference; lastKnownFileType = sourcecode.c.objc; path = ProgramManageCtr.m; sourceTree = "<group>"; };
		04A0C2FA21952DC600B8DC3A /* TestCell.h */ = {isa = PBXFileReference; lastKnownFileType = sourcecode.c.h; path = TestCell.h; sourceTree = "<group>"; };
		04A0C2FB21952DC600B8DC3A /* TestCell.m */ = {isa = PBXFileReference; lastKnownFileType = sourcecode.c.objc; path = TestCell.m; sourceTree = "<group>"; };
		04A1132E218698DD0041BB71 /* baseNavigationController.h */ = {isa = PBXFileReference; lastKnownFileType = sourcecode.c.h; path = baseNavigationController.h; sourceTree = "<group>"; };
		04A1132F218698DD0041BB71 /* baseNavigationController.m */ = {isa = PBXFileReference; lastKnownFileType = sourcecode.c.objc; path = baseNavigationController.m; sourceTree = "<group>"; };
		04A11331218698FB0041BB71 /* baseViewController.h */ = {isa = PBXFileReference; lastKnownFileType = sourcecode.c.h; path = baseViewController.h; sourceTree = "<group>"; };
		04A11332218698FB0041BB71 /* baseViewController.m */ = {isa = PBXFileReference; lastKnownFileType = sourcecode.c.objc; path = baseViewController.m; sourceTree = "<group>"; };
		04A1133521869A160041BB71 /* PrefixHeader.pch */ = {isa = PBXFileReference; lastKnownFileType = sourcecode.c.h; path = PrefixHeader.pch; sourceTree = "<group>"; };
		04A1133721869D310041BB71 /* FontAndColorMacros.h */ = {isa = PBXFileReference; lastKnownFileType = sourcecode.c.h; path = FontAndColorMacros.h; sourceTree = "<group>"; };
		04A113392186A3460041BB71 /* WaterfallFlowCtr.h */ = {isa = PBXFileReference; lastKnownFileType = sourcecode.c.h; path = WaterfallFlowCtr.h; sourceTree = "<group>"; };
		04A1133A2186A3460041BB71 /* WaterfallFlowCtr.m */ = {isa = PBXFileReference; lastKnownFileType = sourcecode.c.objc; path = WaterfallFlowCtr.m; sourceTree = "<group>"; };
		04A1133C2186A4B30041BB71 /* WaterFlowLayout.h */ = {isa = PBXFileReference; lastKnownFileType = sourcecode.c.h; path = WaterFlowLayout.h; sourceTree = "<group>"; };
		04A1133D2186A4B30041BB71 /* WaterFlowLayout.m */ = {isa = PBXFileReference; lastKnownFileType = sourcecode.c.objc; path = WaterFlowLayout.m; sourceTree = "<group>"; };
		04A1133F2186AD740041BB71 /* UtilsMacros.h */ = {isa = PBXFileReference; lastKnownFileType = sourcecode.c.h; path = UtilsMacros.h; sourceTree = "<group>"; };
		04A113402186AF630041BB71 /* WaterfallFlowCell.h */ = {isa = PBXFileReference; lastKnownFileType = sourcecode.c.h; path = WaterfallFlowCell.h; sourceTree = "<group>"; };
		04A113412186AF630041BB71 /* WaterfallFlowCell.m */ = {isa = PBXFileReference; lastKnownFileType = sourcecode.c.objc; path = WaterfallFlowCell.m; sourceTree = "<group>"; };
		04A113432186AFF60041BB71 /* PersonModel.h */ = {isa = PBXFileReference; lastKnownFileType = sourcecode.c.h; path = PersonModel.h; sourceTree = "<group>"; };
		04A113442186AFF60041BB71 /* PersonModel.m */ = {isa = PBXFileReference; lastKnownFileType = sourcecode.c.objc; path = PersonModel.m; sourceTree = "<group>"; };
		04AC343921830D2000E9C7E2 /* StartDemoViewController.h */ = {isa = PBXFileReference; lastKnownFileType = sourcecode.c.h; path = StartDemoViewController.h; sourceTree = "<group>"; };
		04AC343A21830D2000E9C7E2 /* StartDemoViewController.m */ = {isa = PBXFileReference; lastKnownFileType = sourcecode.c.objc; path = StartDemoViewController.m; sourceTree = "<group>"; };
		04B4881B218BEF0E00394CF8 /* SimulatData.h */ = {isa = PBXFileReference; lastKnownFileType = sourcecode.c.h; path = SimulatData.h; sourceTree = "<group>"; };
		04B4881C218BEF0E00394CF8 /* SimulatData.m */ = {isa = PBXFileReference; lastKnownFileType = sourcecode.c.objc; path = SimulatData.m; sourceTree = "<group>"; };
		04E40F6B2133AADA008DE865 /* demos.app */ = {isa = PBXFileReference; explicitFileType = wrapper.application; includeInIndex = 0; path = demos.app; sourceTree = BUILT_PRODUCTS_DIR; };
		04E40F6E2133AADA008DE865 /* AppDelegate.h */ = {isa = PBXFileReference; lastKnownFileType = sourcecode.c.h; path = AppDelegate.h; sourceTree = "<group>"; };
		04E40F6F2133AADA008DE865 /* AppDelegate.m */ = {isa = PBXFileReference; lastKnownFileType = sourcecode.c.objc; path = AppDelegate.m; sourceTree = "<group>"; };
		04E40F712133AADA008DE865 /* ViewController.h */ = {isa = PBXFileReference; lastKnownFileType = sourcecode.c.h; path = ViewController.h; sourceTree = "<group>"; };
		04E40F722133AADA008DE865 /* ViewController.m */ = {isa = PBXFileReference; lastKnownFileType = sourcecode.c.objc; path = ViewController.m; sourceTree = "<group>"; };
		04E40F752133AADA008DE865 /* Base */ = {isa = PBXFileReference; lastKnownFileType = file.storyboard; name = Base; path = Base.lproj/Main.storyboard; sourceTree = "<group>"; };
		04E40F782133AADA008DE865 /* demos.xcdatamodel */ = {isa = PBXFileReference; lastKnownFileType = wrapper.xcdatamodel; path = demos.xcdatamodel; sourceTree = "<group>"; };
		04E40F7A2133AADA008DE865 /* Assets.xcassets */ = {isa = PBXFileReference; lastKnownFileType = folder.assetcatalog; path = Assets.xcassets; sourceTree = "<group>"; };
		04E40F7D2133AADA008DE865 /* Base */ = {isa = PBXFileReference; lastKnownFileType = file.storyboard; name = Base; path = Base.lproj/LaunchScreen.storyboard; sourceTree = "<group>"; };
		04E40F7F2133AADA008DE865 /* Info.plist */ = {isa = PBXFileReference; lastKnownFileType = text.plist.xml; path = Info.plist; sourceTree = "<group>"; };
		04E40F802133AADA008DE865 /* main.m */ = {isa = PBXFileReference; lastKnownFileType = sourcecode.c.objc; path = main.m; sourceTree = "<group>"; };
		04E40F882133CEEF008DE865 /* ColorGradientDemoViewController.h */ = {isa = PBXFileReference; lastKnownFileType = sourcecode.c.h; path = ColorGradientDemoViewController.h; sourceTree = "<group>"; };
		04E40F892133CEEF008DE865 /* ColorGradientDemoViewController.m */ = {isa = PBXFileReference; lastKnownFileType = sourcecode.c.objc; path = ColorGradientDemoViewController.m; sourceTree = "<group>"; };
		11635F4A22DC7C7200FC2D9A /* PushKit.framework */ = {isa = PBXFileReference; lastKnownFileType = wrapper.framework; name = PushKit.framework; path = System/Library/Frameworks/PushKit.framework; sourceTree = SDKROOT; };
		11657F3D22D7156F006FA12D /* ChatViewController.h */ = {isa = PBXFileReference; lastKnownFileType = sourcecode.c.h; path = ChatViewController.h; sourceTree = "<group>"; };
		11657F3E22D7156F006FA12D /* ChatViewController.m */ = {isa = PBXFileReference; lastKnownFileType = sourcecode.c.objc; path = ChatViewController.m; sourceTree = "<group>"; };
		11770FDD22D83111009987AB /* ChatViewCtr.h */ = {isa = PBXFileReference; lastKnownFileType = sourcecode.c.h; path = ChatViewCtr.h; sourceTree = "<group>"; };
		11770FDE22D83111009987AB /* ChatViewCtr.m */ = {isa = PBXFileReference; lastKnownFileType = sourcecode.c.objc; path = ChatViewCtr.m; sourceTree = "<group>"; };
		11770FE022D865CD009987AB /* demos.entitlements */ = {isa = PBXFileReference; lastKnownFileType = text.plist.entitlements; path = demos.entitlements; sourceTree = "<group>"; };
		1190DBBD229F9DD100D8FCC1 /* FileOperationCtr.h */ = {isa = PBXFileReference; lastKnownFileType = sourcecode.c.h; path = FileOperationCtr.h; sourceTree = "<group>"; };
		1190DBBE229F9DD100D8FCC1 /* FileOperationCtr.m */ = {isa = PBXFileReference; lastKnownFileType = sourcecode.c.objc; path = FileOperationCtr.m; sourceTree = "<group>"; };
		1190DBC0229F9F4E00D8FCC1 /* cmdlist.txt */ = {isa = PBXFileReference; fileEncoding = 4; lastKnownFileType = text; path = cmdlist.txt; sourceTree = "<group>"; };
		1190DBC2229FC2EB00D8FCC1 /* CmdModel.h */ = {isa = PBXFileReference; lastKnownFileType = sourcecode.c.h; path = CmdModel.h; sourceTree = "<group>"; };
		1190DBC3229FC2EB00D8FCC1 /* CmdModel.m */ = {isa = PBXFileReference; lastKnownFileType = sourcecode.c.objc; path = CmdModel.m; sourceTree = "<group>"; };
		11A431F5224C8D9900A606B4 /* DropdownMenu.h */ = {isa = PBXFileReference; fileEncoding = 4; lastKnownFileType = sourcecode.c.h; path = DropdownMenu.h; sourceTree = "<group>"; };
		11A431F6224C8D9900A606B4 /* DropdownMenu.m */ = {isa = PBXFileReference; fileEncoding = 4; lastKnownFileType = sourcecode.c.objc; path = DropdownMenu.m; sourceTree = "<group>"; };
		11A431F7224C8D9900A606B4 /* DropDownMenuViewController.h */ = {isa = PBXFileReference; fileEncoding = 4; lastKnownFileType = sourcecode.c.h; path = DropDownMenuViewController.h; sourceTree = "<group>"; };
		11A431F8224C8D9900A606B4 /* DropDownMenuViewController.m */ = {isa = PBXFileReference; fileEncoding = 4; lastKnownFileType = sourcecode.c.objc; path = DropDownMenuViewController.m; sourceTree = "<group>"; };
		11A7480E2251E388002E9E01 /* NSDictionary expanded.h */ = {isa = PBXFileReference; fileEncoding = 4; lastKnownFileType = sourcecode.c.h; path = "NSDictionary expanded.h"; sourceTree = "<group>"; };
		11A7480F2251E388002E9E01 /* NSDictionary expanded.m */ = {isa = PBXFileReference; fileEncoding = 4; lastKnownFileType = sourcecode.c.objc; path = "NSDictionary expanded.m"; sourceTree = "<group>"; };
		11A748102251E388002E9E01 /* README.md */ = {isa = PBXFileReference; fileEncoding = 4; lastKnownFileType = net.daringfireball.markdown; path = README.md; sourceTree = "<group>"; };
		11A748112251E388002E9E01 /* SocketHelper.h */ = {isa = PBXFileReference; fileEncoding = 4; lastKnownFileType = sourcecode.c.h; path = SocketHelper.h; sourceTree = "<group>"; };
		11A748122251E388002E9E01 /* SocketHelper.m */ = {isa = PBXFileReference; fileEncoding = 4; lastKnownFileType = sourcecode.c.objc; path = SocketHelper.m; sourceTree = "<group>"; };
		11A748162251E607002E9E01 /* SoketViewController.h */ = {isa = PBXFileReference; lastKnownFileType = sourcecode.c.h; path = SoketViewController.h; sourceTree = "<group>"; };
		11A748172251E607002E9E01 /* SoketViewController.m */ = {isa = PBXFileReference; lastKnownFileType = sourcecode.c.objc; path = SoketViewController.m; sourceTree = "<group>"; };
		11C5B91F22FD5414001F58B5 /* BlueToothLinkViewController.h */ = {isa = PBXFileReference; lastKnownFileType = sourcecode.c.h; path = BlueToothLinkViewController.h; sourceTree = "<group>"; };
		11C5B92022FD5414001F58B5 /* BlueToothLinkViewController.m */ = {isa = PBXFileReference; lastKnownFileType = sourcecode.c.objc; path = BlueToothLinkViewController.m; sourceTree = "<group>"; };
		40F773EFD6F30E8A78E309D7 /* Pods-demos.release.xcconfig */ = {isa = PBXFileReference; includeInIndex = 1; lastKnownFileType = text.xcconfig; name = "Pods-demos.release.xcconfig"; path = "Pods/Target Support Files/Pods-demos/Pods-demos.release.xcconfig"; sourceTree = "<group>"; };
		43F802D555C0D7EEA49915DB /* Pods-demos.debug.xcconfig */ = {isa = PBXFileReference; includeInIndex = 1; lastKnownFileType = text.xcconfig; name = "Pods-demos.debug.xcconfig"; path = "Pods/Target Support Files/Pods-demos/Pods-demos.debug.xcconfig"; sourceTree = "<group>"; };
		D4CCA7C424E12A69003AF989 /* UserNotifications.framework */ = {isa = PBXFileReference; lastKnownFileType = wrapper.framework; name = UserNotifications.framework; path = System/Library/Frameworks/UserNotifications.framework; sourceTree = SDKROOT; };
		D4CCA7C624E12A69003AF989 /* UserNotificationsUI.framework */ = {isa = PBXFileReference; lastKnownFileType = wrapper.framework; name = UserNotificationsUI.framework; path = System/Library/Frameworks/UserNotificationsUI.framework; sourceTree = SDKROOT; };
		D4CCA7EB24E144D0003AF989 /* content.appex */ = {isa = PBXFileReference; explicitFileType = "wrapper.app-extension"; includeInIndex = 0; path = content.appex; sourceTree = BUILT_PRODUCTS_DIR; };
		D4CCA7EF24E144D0003AF989 /* NotificationViewController.h */ = {isa = PBXFileReference; lastKnownFileType = sourcecode.c.h; path = NotificationViewController.h; sourceTree = "<group>"; };
		D4CCA7F024E144D0003AF989 /* NotificationViewController.m */ = {isa = PBXFileReference; lastKnownFileType = sourcecode.c.objc; path = NotificationViewController.m; sourceTree = "<group>"; };
		D4CCA7F324E144D0003AF989 /* Base */ = {isa = PBXFileReference; lastKnownFileType = file.storyboard; name = Base; path = Base.lproj/MainInterface.storyboard; sourceTree = "<group>"; };
		D4CCA7F524E144D0003AF989 /* Info.plist */ = {isa = PBXFileReference; lastKnownFileType = text.plist.xml; path = Info.plist; sourceTree = "<group>"; };
		D4CCA80024E14501003AF989 /* sever.appex */ = {isa = PBXFileReference; explicitFileType = "wrapper.app-extension"; includeInIndex = 0; path = sever.appex; sourceTree = BUILT_PRODUCTS_DIR; };
		D4CCA80224E14501003AF989 /* NotificationService.h */ = {isa = PBXFileReference; lastKnownFileType = sourcecode.c.h; path = NotificationService.h; sourceTree = "<group>"; };
		D4CCA80324E14501003AF989 /* NotificationService.m */ = {isa = PBXFileReference; lastKnownFileType = sourcecode.c.objc; path = NotificationService.m; sourceTree = "<group>"; };
		D4CCA80524E14501003AF989 /* Info.plist */ = {isa = PBXFileReference; lastKnownFileType = text.plist.xml; path = Info.plist; sourceTree = "<group>"; };
/* End PBXFileReference section */

/* Begin PBXFrameworksBuildPhase section */
		04E40F682133AADA008DE865 /* Frameworks */ = {
			isa = PBXFrameworksBuildPhase;
			buildActionMask = 2147483647;
			files = (
				11635F4B22DC7C7200FC2D9A /* PushKit.framework in Frameworks */,
				A2D2CC6E7A744A4134A7EE9B /* libPods-demos.a in Frameworks */,
			);
			runOnlyForDeploymentPostprocessing = 0;
		};
		D4CCA7E824E144D0003AF989 /* Frameworks */ = {
			isa = PBXFrameworksBuildPhase;
			buildActionMask = 2147483647;
			files = (
				D4CCA7ED24E144D0003AF989 /* UserNotificationsUI.framework in Frameworks */,
				D4CCA7EC24E144D0003AF989 /* UserNotifications.framework in Frameworks */,
			);
			runOnlyForDeploymentPostprocessing = 0;
		};
		D4CCA7FD24E14501003AF989 /* Frameworks */ = {
			isa = PBXFrameworksBuildPhase;
			buildActionMask = 2147483647;
			files = (
			);
			runOnlyForDeploymentPostprocessing = 0;
		};
/* End PBXFrameworksBuildPhase section */

/* Begin PBXGroup section */
		04477A0521A545F800414AB5 /* Tableview头部悬浮样式 */ = {
			isa = PBXGroup;
			children = (
				04477A0621A5477000414AB5 /* TableviewCtr.h */,
				04477A0721A5477000414AB5 /* TableviewCtr.m */,
			);
			path = "Tableview头部悬浮样式";
			sourceTree = "<group>";
		};
		046FC1E42134EAAB00B35B8E /* 下拉放大拉伸效果 */ = {
			isa = PBXGroup;
			children = (
				046FC1E52134EB7900B35B8E /* DropDownEffectCtr.h */,
				046FC1E62134EB7900B35B8E /* DropDownEffectCtr.m */,
			);
			path = "下拉放大拉伸效果";
			sourceTree = "<group>";
		};
		04769EA22140FBE900C77B39 /* JS和OC交互 */ = {
			isa = PBXGroup;
			children = (
				04769EA32140FC5C00C77B39 /* WKWebViewCtr.h */,
				04769EA42140FC5C00C77B39 /* WKWebViewCtr.m */,
			);
			path = "JS和OC交互";
			sourceTree = "<group>";
		};
		0499FE01219EA73200F058E6 /* 自定义弹窗 */ = {
			isa = PBXGroup;
			children = (
				0499FE03219EA74700F058E6 /* CustomAlter.h */,
				0499FE02219EA74700F058E6 /* CustomAlter.m */,
				0499FE04219EA7AE00F058E6 /* CustomAlterCtr.h */,
				0499FE05219EA7AE00F058E6 /* CustomAlterCtr.m */,
				04477A0221A502D600414AB5 /* PopViewController.h */,
				04477A0321A502D600414AB5 /* PopViewController.m */,
			);
			path = "自定义弹窗";
			sourceTree = "<group>";
		};
		04A0C2F62195287100B8DC3A /* 频道管理 */ = {
			isa = PBXGroup;
			children = (
				04A0C2F7219528D100B8DC3A /* ProgramManageCtr.h */,
				04A0C2F8219528D100B8DC3A /* ProgramManageCtr.m */,
				04A0C2FA21952DC600B8DC3A /* TestCell.h */,
				04A0C2FB21952DC600B8DC3A /* TestCell.m */,
			);
			path = "频道管理";
			sourceTree = "<group>";
		};
		04A1132D218698AA0041BB71 /* base */ = {
			isa = PBXGroup;
			children = (
				04A1132E218698DD0041BB71 /* baseNavigationController.h */,
				04A1132F218698DD0041BB71 /* baseNavigationController.m */,
				04A11331218698FB0041BB71 /* baseViewController.h */,
				04A11332218698FB0041BB71 /* baseViewController.m */,
			);
			path = base;
			sourceTree = "<group>";
		};
		04A1133621869CFE0041BB71 /* Define */ = {
			isa = PBXGroup;
			children = (
				04A1133721869D310041BB71 /* FontAndColorMacros.h */,
				04A1133F2186AD740041BB71 /* UtilsMacros.h */,
			);
			path = Define;
			sourceTree = "<group>";
		};
		04A113382186A2FD0041BB71 /* 瀑布流 */ = {
			isa = PBXGroup;
			children = (
				04A113392186A3460041BB71 /* WaterfallFlowCtr.h */,
				04A1133A2186A3460041BB71 /* WaterfallFlowCtr.m */,
				04A1133C2186A4B30041BB71 /* WaterFlowLayout.h */,
				04A1133D2186A4B30041BB71 /* WaterFlowLayout.m */,
				04A113402186AF630041BB71 /* WaterfallFlowCell.h */,
				04A113412186AF630041BB71 /* WaterfallFlowCell.m */,
				04A113432186AFF60041BB71 /* PersonModel.h */,
				04A113442186AFF60041BB71 /* PersonModel.m */,
				04B4881B218BEF0E00394CF8 /* SimulatData.h */,
				04B4881C218BEF0E00394CF8 /* SimulatData.m */,
			);
			path = "瀑布流";
			sourceTree = "<group>";
		};
		04E40F622133AADA008DE865 = {
			isa = PBXGroup;
			children = (
				04E40F6D2133AADA008DE865 /* demos */,
				D4CCA7EE24E144D0003AF989 /* content */,
				D4CCA80124E14501003AF989 /* sever */,
				04E40F6C2133AADA008DE865 /* Products */,
				298A75AACA53BC613A5CC9E4 /* Pods */,
				7428C896590F119ECF265F13 /* Frameworks */,
			);
			sourceTree = "<group>";
		};
		04E40F6C2133AADA008DE865 /* Products */ = {
			isa = PBXGroup;
			children = (
				04E40F6B2133AADA008DE865 /* demos.app */,
				D4CCA7EB24E144D0003AF989 /* content.appex */,
				D4CCA80024E14501003AF989 /* sever.appex */,
			);
			name = Products;
			sourceTree = "<group>";
		};
		04E40F6D2133AADA008DE865 /* demos */ = {
			isa = PBXGroup;
			children = (
				11C5B91E22FD539E001F58B5 /* 蓝牙连接 */,
				11770FE022D865CD009987AB /* demos.entitlements */,
				11657F3C22D7152C006FA12D /* 即时通讯 */,
				1190DBBC229F9D6500D8FCC1 /* 文件读取 */,
				11A7480D2251E388002E9E01 /* SocketHelp */,
				11A431F3224C8D9900A606B4 /* 下拉列表 */,
				04477A0521A545F800414AB5 /* Tableview头部悬浮样式 */,
				0499FE01219EA73200F058E6 /* 自定义弹窗 */,
				04A0C2F62195287100B8DC3A /* 频道管理 */,
				04A113382186A2FD0041BB71 /* 瀑布流 */,
				04A1133621869CFE0041BB71 /* Define */,
				04A1132D218698AA0041BB71 /* base */,
				04769EA22140FBE900C77B39 /* JS和OC交互 */,
				04E40F6E2133AADA008DE865 /* AppDelegate.h */,
				04E40F6F2133AADA008DE865 /* AppDelegate.m */,
				04E40F712133AADA008DE865 /* ViewController.h */,
				04E40F722133AADA008DE865 /* ViewController.m */,
				0454C032215CDE99007E1053 /* BTabBarController.h */,
				0454C033215CDE99007E1053 /* BTabBarController.m */,
				04AC343921830D2000E9C7E2 /* StartDemoViewController.h */,
				04AC343A21830D2000E9C7E2 /* StartDemoViewController.m */,
				046FC1E42134EAAB00B35B8E /* 下拉放大拉伸效果 */,
				04E40F872133CD90008DE865 /* 导航栏渐变 */,
				04E40F742133AADA008DE865 /* Main.storyboard */,
				04E40F7A2133AADA008DE865 /* Assets.xcassets */,
				04E40F7C2133AADA008DE865 /* LaunchScreen.storyboard */,
				04E40F7F2133AADA008DE865 /* Info.plist */,
				04E40F802133AADA008DE865 /* main.m */,
				04A1133521869A160041BB71 /* PrefixHeader.pch */,
				1190DBC0229F9F4E00D8FCC1 /* cmdlist.txt */,
				04E40F772133AADA008DE865 /* demos.xcdatamodeld */,
			);
			path = demos;
			sourceTree = "<group>";
		};
		04E40F872133CD90008DE865 /* 导航栏渐变 */ = {
			isa = PBXGroup;
			children = (
				04E40F882133CEEF008DE865 /* ColorGradientDemoViewController.h */,
				04E40F892133CEEF008DE865 /* ColorGradientDemoViewController.m */,
			);
			path = "导航栏渐变";
			sourceTree = "<group>";
		};
		11657F3C22D7152C006FA12D /* 即时通讯 */ = {
			isa = PBXGroup;
			children = (
				11657F3D22D7156F006FA12D /* ChatViewController.h */,
				11657F3E22D7156F006FA12D /* ChatViewController.m */,
				11770FDD22D83111009987AB /* ChatViewCtr.h */,
				11770FDE22D83111009987AB /* ChatViewCtr.m */,
			);
			path = "即时通讯";
			sourceTree = "<group>";
		};
		1190DBBC229F9D6500D8FCC1 /* 文件读取 */ = {
			isa = PBXGroup;
			children = (
				1190DBBD229F9DD100D8FCC1 /* FileOperationCtr.h */,
				1190DBBE229F9DD100D8FCC1 /* FileOperationCtr.m */,
				1190DBC2229FC2EB00D8FCC1 /* CmdModel.h */,
				1190DBC3229FC2EB00D8FCC1 /* CmdModel.m */,
			);
			path = "文件读取";
			sourceTree = "<group>";
		};
		11A431F3224C8D9900A606B4 /* 下拉列表 */ = {
			isa = PBXGroup;
			children = (
				11A431F4224C8D9900A606B4 /* DropdownMenu */,
				11A431F7224C8D9900A606B4 /* DropDownMenuViewController.h */,
				11A431F8224C8D9900A606B4 /* DropDownMenuViewController.m */,
			);
			path = "下拉列表";
			sourceTree = "<group>";
		};
		11A431F4224C8D9900A606B4 /* DropdownMenu */ = {
			isa = PBXGroup;
			children = (
				11A431F5224C8D9900A606B4 /* DropdownMenu.h */,
				11A431F6224C8D9900A606B4 /* DropdownMenu.m */,
			);
			path = DropdownMenu;
			sourceTree = "<group>";
		};
		11A7480D2251E388002E9E01 /* SocketHelp */ = {
			isa = PBXGroup;
			children = (
				11A7480E2251E388002E9E01 /* NSDictionary expanded.h */,
				11A7480F2251E388002E9E01 /* NSDictionary expanded.m */,
				11A748102251E388002E9E01 /* README.md */,
				11A748112251E388002E9E01 /* SocketHelper.h */,
				11A748122251E388002E9E01 /* SocketHelper.m */,
				11A748162251E607002E9E01 /* SoketViewController.h */,
				11A748172251E607002E9E01 /* SoketViewController.m */,
			);
			path = SocketHelp;
			sourceTree = "<group>";
		};
		11C5B91E22FD539E001F58B5 /* 蓝牙连接 */ = {
			isa = PBXGroup;
			children = (
				11C5B91F22FD5414001F58B5 /* BlueToothLinkViewController.h */,
				11C5B92022FD5414001F58B5 /* BlueToothLinkViewController.m */,
			);
			path = "蓝牙连接";
			sourceTree = "<group>";
		};
		298A75AACA53BC613A5CC9E4 /* Pods */ = {
			isa = PBXGroup;
			children = (
				43F802D555C0D7EEA49915DB /* Pods-demos.debug.xcconfig */,
				40F773EFD6F30E8A78E309D7 /* Pods-demos.release.xcconfig */,
			);
			name = Pods;
			sourceTree = "<group>";
		};
		7428C896590F119ECF265F13 /* Frameworks */ = {
			isa = PBXGroup;
			children = (
				11635F4A22DC7C7200FC2D9A /* PushKit.framework */,
				0050D057CE35136671FBE3B1 /* libPods-demos.a */,
				D4CCA7C424E12A69003AF989 /* UserNotifications.framework */,
				D4CCA7C624E12A69003AF989 /* UserNotificationsUI.framework */,
			);
			name = Frameworks;
			sourceTree = "<group>";
		};
		D4CCA7EE24E144D0003AF989 /* content */ = {
			isa = PBXGroup;
			children = (
				D4CCA7EF24E144D0003AF989 /* NotificationViewController.h */,
				D4CCA7F024E144D0003AF989 /* NotificationViewController.m */,
				D4CCA7F224E144D0003AF989 /* MainInterface.storyboard */,
				D4CCA7F524E144D0003AF989 /* Info.plist */,
			);
			path = content;
			sourceTree = "<group>";
		};
		D4CCA80124E14501003AF989 /* sever */ = {
			isa = PBXGroup;
			children = (
				D4CCA80224E14501003AF989 /* NotificationService.h */,
				D4CCA80324E14501003AF989 /* NotificationService.m */,
				D4CCA80524E14501003AF989 /* Info.plist */,
			);
			path = sever;
			sourceTree = "<group>";
		};
/* End PBXGroup section */

/* Begin PBXNativeTarget section */
		04E40F6A2133AADA008DE865 /* demos */ = {
			isa = PBXNativeTarget;
			buildConfigurationList = 04E40F842133AADA008DE865 /* Build configuration list for PBXNativeTarget "demos" */;
			buildPhases = (
				201C45EC9C59D79A90AA63DA /* [CP] Check Pods Manifest.lock */,
				04E40F672133AADA008DE865 /* Sources */,
				04E40F682133AADA008DE865 /* Frameworks */,
				04E40F692133AADA008DE865 /* Resources */,
				43B46AC009214D0308AD4D24 /* [CP] Copy Pods Resources */,
				228C491D17714BDAE971A566 /* [CP] Embed Pods Frameworks */,
				D4CCA7D624E12A69003AF989 /* Embed App Extensions */,
			);
			buildRules = (
			);
			dependencies = (
				D4CCA7F724E144D0003AF989 /* PBXTargetDependency */,
				D4CCA80724E14501003AF989 /* PBXTargetDependency */,
			);
			name = demos;
			productName = demos;
			productReference = 04E40F6B2133AADA008DE865 /* demos.app */;
			productType = "com.apple.product-type.application";
		};
		D4CCA7EA24E144D0003AF989 /* content */ = {
			isa = PBXNativeTarget;
			buildConfigurationList = D4CCA7FB24E144D0003AF989 /* Build configuration list for PBXNativeTarget "content" */;
			buildPhases = (
				D4CCA7E724E144D0003AF989 /* Sources */,
				D4CCA7E824E144D0003AF989 /* Frameworks */,
				D4CCA7E924E144D0003AF989 /* Resources */,
			);
			buildRules = (
			);
			dependencies = (
			);
			name = content;
			productName = content;
			productReference = D4CCA7EB24E144D0003AF989 /* content.appex */;
			productType = "com.apple.product-type.app-extension";
		};
		D4CCA7FF24E14501003AF989 /* sever */ = {
			isa = PBXNativeTarget;
			buildConfigurationList = D4CCA80924E14501003AF989 /* Build configuration list for PBXNativeTarget "sever" */;
			buildPhases = (
				D4CCA7FC24E14501003AF989 /* Sources */,
				D4CCA7FD24E14501003AF989 /* Frameworks */,
				D4CCA7FE24E14501003AF989 /* Resources */,
			);
			buildRules = (
			);
			dependencies = (
			);
			name = sever;
			productName = sever;
			productReference = D4CCA80024E14501003AF989 /* sever.appex */;
			productType = "com.apple.product-type.app-extension";
		};
/* End PBXNativeTarget section */

/* Begin PBXProject section */
		04E40F632133AADA008DE865 /* Project object */ = {
			isa = PBXProject;
			attributes = {
				LastUpgradeCheck = 0900;
				ORGANIZATIONNAME = tianyixin;
				TargetAttributes = {
					04E40F6A2133AADA008DE865 = {
						CreatedOnToolsVersion = 9.0;
						ProvisioningStyle = Manual;
						SystemCapabilities = {
							com.apple.BackgroundModes = {
								enabled = 1;
							};
							com.apple.Push = {
								enabled = 1;
							};
						};
					};
					D4CCA7EA24E144D0003AF989 = {
						CreatedOnToolsVersion = 11.5;
						ProvisioningStyle = Automatic;
					};
					D4CCA7FF24E14501003AF989 = {
						CreatedOnToolsVersion = 11.5;
						ProvisioningStyle = Automatic;
					};
				};
			};
			buildConfigurationList = 04E40F662133AADA008DE865 /* Build configuration list for PBXProject "demos" */;
			compatibilityVersion = "Xcode 8.0";
			developmentRegion = en;
			hasScannedForEncodings = 0;
			knownRegions = (
				en,
				Base,
			);
			mainGroup = 04E40F622133AADA008DE865;
			productRefGroup = 04E40F6C2133AADA008DE865 /* Products */;
			projectDirPath = "";
			projectRoot = "";
			targets = (
				04E40F6A2133AADA008DE865 /* demos */,
				D4CCA7EA24E144D0003AF989 /* content */,
				D4CCA7FF24E14501003AF989 /* sever */,
			);
		};
/* End PBXProject section */

/* Begin PBXResourcesBuildPhase section */
		04E40F692133AADA008DE865 /* Resources */ = {
			isa = PBXResourcesBuildPhase;
			buildActionMask = 2147483647;
			files = (
				04E40F7E2133AADA008DE865 /* LaunchScreen.storyboard in Resources */,
				04E40F7B2133AADA008DE865 /* Assets.xcassets in Resources */,
				11A748142251E388002E9E01 /* README.md in Resources */,
				04E40F762133AADA008DE865 /* Main.storyboard in Resources */,
				1190DBC1229F9F4E00D8FCC1 /* cmdlist.txt in Resources */,
			);
			runOnlyForDeploymentPostprocessing = 0;
		};
		D4CCA7E924E144D0003AF989 /* Resources */ = {
			isa = PBXResourcesBuildPhase;
			buildActionMask = 2147483647;
			files = (
				D4CCA7F424E144D0003AF989 /* MainInterface.storyboard in Resources */,
			);
			runOnlyForDeploymentPostprocessing = 0;
		};
		D4CCA7FE24E14501003AF989 /* Resources */ = {
			isa = PBXResourcesBuildPhase;
			buildActionMask = 2147483647;
			files = (
			);
			runOnlyForDeploymentPostprocessing = 0;
		};
/* End PBXResourcesBuildPhase section */

/* Begin PBXShellScriptBuildPhase section */
		201C45EC9C59D79A90AA63DA /* [CP] Check Pods Manifest.lock */ = {
			isa = PBXShellScriptBuildPhase;
			buildActionMask = 2147483647;
			files = (
			);
			inputPaths = (
				"${PODS_PODFILE_DIR_PATH}/Podfile.lock",
				"${PODS_ROOT}/Manifest.lock",
			);
			name = "[CP] Check Pods Manifest.lock";
			outputPaths = (
				"$(DERIVED_FILE_DIR)/Pods-demos-checkManifestLockResult.txt",
			);
			runOnlyForDeploymentPostprocessing = 0;
			shellPath = /bin/sh;
			shellScript = "diff \"${PODS_PODFILE_DIR_PATH}/Podfile.lock\" \"${PODS_ROOT}/Manifest.lock\" > /dev/null\nif [ $? != 0 ] ; then\n    # print error to STDERR\n    echo \"error: The sandbox is not in sync with the Podfile.lock. Run 'pod install' or update your CocoaPods installation.\" >&2\n    exit 1\nfi\n# This output is used by Xcode 'outputs' to avoid re-running this script phase.\necho \"SUCCESS\" > \"${SCRIPT_OUTPUT_FILE_0}\"\n";
			showEnvVarsInLog = 0;
		};
		228C491D17714BDAE971A566 /* [CP] Embed Pods Frameworks */ = {
			isa = PBXShellScriptBuildPhase;
			buildActionMask = 2147483647;
			files = (
			);
			inputPaths = (
				"${PODS_ROOT}/Target Support Files/Pods-demos/Pods-demos-frameworks.sh",
				"${PODS_ROOT}/WoodPeckeriOS/WoodPeckeriOS.framework",
			);
			name = "[CP] Embed Pods Frameworks";
			outputPaths = (
				"${TARGET_BUILD_DIR}/${FRAMEWORKS_FOLDER_PATH}/WoodPeckeriOS.framework",
			);
			runOnlyForDeploymentPostprocessing = 0;
			shellPath = /bin/sh;
			shellScript = "\"${PODS_ROOT}/Target Support Files/Pods-demos/Pods-demos-frameworks.sh\"\n";
			showEnvVarsInLog = 0;
		};
		43B46AC009214D0308AD4D24 /* [CP] Copy Pods Resources */ = {
			isa = PBXShellScriptBuildPhase;
			buildActionMask = 2147483647;
			files = (
			);
			inputPaths = (
				"${PODS_ROOT}/Target Support Files/Pods-demos/Pods-demos-resources.sh",
				"${PODS_ROOT}/IQKeyboardManager/IQKeyboardManager/Resources/IQKeyboardManager.bundle",
				"${PODS_ROOT}/MJRefresh/MJRefresh/MJRefresh.bundle",
				"${PODS_ROOT}/RongCloudIM/RongCloudIM/RongCloud.bundle",
				"${PODS_ROOT}/RongCloudIM/RongCloudIM/en.lproj",
				"${PODS_ROOT}/RongCloudIM/RongCloudIM/zh-Hans.lproj",
				"${PODS_ROOT}/RongCloudIM/RongCloudIM/Emoji.plist",
				"${PODS_ROOT}/RongCloudIM/RongCloudIM/RCColor.plist",
				"${PODS_ROOT}/RongCloudIM/RongCloudIM/RCConfig.plist",
				"${PODS_ROOT}/SVProgressHUD/SVProgressHUD/SVProgressHUD.bundle",
			);
			name = "[CP] Copy Pods Resources";
			outputPaths = (
				"${TARGET_BUILD_DIR}/${UNLOCALIZED_RESOURCES_FOLDER_PATH}/IQKeyboardManager.bundle",
				"${TARGET_BUILD_DIR}/${UNLOCALIZED_RESOURCES_FOLDER_PATH}/MJRefresh.bundle",
				"${TARGET_BUILD_DIR}/${UNLOCALIZED_RESOURCES_FOLDER_PATH}/RongCloud.bundle",
				"${TARGET_BUILD_DIR}/${UNLOCALIZED_RESOURCES_FOLDER_PATH}/en.lproj",
				"${TARGET_BUILD_DIR}/${UNLOCALIZED_RESOURCES_FOLDER_PATH}/zh-Hans.lproj",
				"${TARGET_BUILD_DIR}/${UNLOCALIZED_RESOURCES_FOLDER_PATH}/Emoji.plist",
				"${TARGET_BUILD_DIR}/${UNLOCALIZED_RESOURCES_FOLDER_PATH}/RCColor.plist",
				"${TARGET_BUILD_DIR}/${UNLOCALIZED_RESOURCES_FOLDER_PATH}/RCConfig.plist",
				"${TARGET_BUILD_DIR}/${UNLOCALIZED_RESOURCES_FOLDER_PATH}/SVProgressHUD.bundle",
			);
			runOnlyForDeploymentPostprocessing = 0;
			shellPath = /bin/sh;
			shellScript = "\"${PODS_ROOT}/Target Support Files/Pods-demos/Pods-demos-resources.sh\"\n";
			showEnvVarsInLog = 0;
		};
/* End PBXShellScriptBuildPhase section */

/* Begin PBXSourcesBuildPhase section */
		04E40F672133AADA008DE865 /* Sources */ = {
			isa = PBXSourcesBuildPhase;
			buildActionMask = 2147483647;
			files = (
				11A748132251E388002E9E01 /* NSDictionary expanded.m in Sources */,
				0499FE07219EB0AB00F058E6 /* CustomAlter.m in Sources */,
				11657F3F22D7156F006FA12D /* ChatViewController.m in Sources */,
				04A113452186AFF60041BB71 /* PersonModel.m in Sources */,
				04A0C2FC21952DC600B8DC3A /* TestCell.m in Sources */,
				04B4881D218BEF0E00394CF8 /* SimulatData.m in Sources */,
				04A11330218698DD0041BB71 /* baseNavigationController.m in Sources */,
				11770FDF22D83111009987AB /* ChatViewCtr.m in Sources */,
				0454C034215CDE99007E1053 /* BTabBarController.m in Sources */,
				1190DBBF229F9DD100D8FCC1 /* FileOperationCtr.m in Sources */,
				04E40F732133AADA008DE865 /* ViewController.m in Sources */,
				046FC1E72134EB7900B35B8E /* DropDownEffectCtr.m in Sources */,
				11A431FA224C8D9900A606B4 /* DropDownMenuViewController.m in Sources */,
				1190DBC4229FC2EB00D8FCC1 /* CmdModel.m in Sources */,
				04A0C2F9219528D100B8DC3A /* ProgramManageCtr.m in Sources */,
				04A1133B2186A3460041BB71 /* WaterfallFlowCtr.m in Sources */,
				04E40F702133AADA008DE865 /* AppDelegate.m in Sources */,
				04AC343B21830D2000E9C7E2 /* StartDemoViewController.m in Sources */,
				11A431F9224C8D9900A606B4 /* DropdownMenu.m in Sources */,
				04E40F812133AADA008DE865 /* main.m in Sources */,
				04477A0821A5477000414AB5 /* TableviewCtr.m in Sources */,
				11A748182251E607002E9E01 /* SoketViewController.m in Sources */,
				04A11333218698FB0041BB71 /* baseViewController.m in Sources */,
				0499FE06219EA7AE00F058E6 /* CustomAlterCtr.m in Sources */,
				04E40F8A2133CEEF008DE865 /* ColorGradientDemoViewController.m in Sources */,
				04A113422186AF630041BB71 /* WaterfallFlowCell.m in Sources */,
				04A1133E2186A4B30041BB71 /* WaterFlowLayout.m in Sources */,
				11C5B92122FD5414001F58B5 /* BlueToothLinkViewController.m in Sources */,
				04477A0421A502D600414AB5 /* PopViewController.m in Sources */,
				04E40F792133AADA008DE865 /* demos.xcdatamodeld in Sources */,
				11A748152251E388002E9E01 /* SocketHelper.m in Sources */,
				04769EA52140FC5C00C77B39 /* WKWebViewCtr.m in Sources */,
			);
			runOnlyForDeploymentPostprocessing = 0;
		};
		D4CCA7E724E144D0003AF989 /* Sources */ = {
			isa = PBXSourcesBuildPhase;
			buildActionMask = 2147483647;
			files = (
				D4CCA7F124E144D0003AF989 /* NotificationViewController.m in Sources */,
			);
			runOnlyForDeploymentPostprocessing = 0;
		};
		D4CCA7FC24E14501003AF989 /* Sources */ = {
			isa = PBXSourcesBuildPhase;
			buildActionMask = 2147483647;
			files = (
				D4CCA80424E14501003AF989 /* NotificationService.m in Sources */,
			);
			runOnlyForDeploymentPostprocessing = 0;
		};
/* End PBXSourcesBuildPhase section */

/* Begin PBXTargetDependency section */
		D4CCA7F724E144D0003AF989 /* PBXTargetDependency */ = {
			isa = PBXTargetDependency;
			target = D4CCA7EA24E144D0003AF989 /* content */;
			targetProxy = D4CCA7F624E144D0003AF989 /* PBXContainerItemProxy */;
		};
		D4CCA80724E14501003AF989 /* PBXTargetDependency */ = {
			isa = PBXTargetDependency;
			target = D4CCA7FF24E14501003AF989 /* sever */;
			targetProxy = D4CCA80624E14501003AF989 /* PBXContainerItemProxy */;
		};
/* End PBXTargetDependency section */

/* Begin PBXVariantGroup section */
		04E40F742133AADA008DE865 /* Main.storyboard */ = {
			isa = PBXVariantGroup;
			children = (
				04E40F752133AADA008DE865 /* Base */,
			);
			name = Main.storyboard;
			sourceTree = "<group>";
		};
		04E40F7C2133AADA008DE865 /* LaunchScreen.storyboard */ = {
			isa = PBXVariantGroup;
			children = (
				04E40F7D2133AADA008DE865 /* Base */,
			);
			name = LaunchScreen.storyboard;
			sourceTree = "<group>";
		};
		D4CCA7F224E144D0003AF989 /* MainInterface.storyboard */ = {
			isa = PBXVariantGroup;
			children = (
				D4CCA7F324E144D0003AF989 /* Base */,
			);
			name = MainInterface.storyboard;
			sourceTree = "<group>";
		};
/* End PBXVariantGroup section */

/* Begin XCBuildConfiguration section */
		04E40F822133AADA008DE865 /* Debug */ = {
			isa = XCBuildConfiguration;
			buildSettings = {
				ALWAYS_SEARCH_USER_PATHS = NO;
				CLANG_ANALYZER_NONNULL = YES;
				CLANG_ANALYZER_NUMBER_OBJECT_CONVERSION = YES_AGGRESSIVE;
				CLANG_CXX_LANGUAGE_STANDARD = "gnu++14";
				CLANG_CXX_LIBRARY = "libc++";
				CLANG_ENABLE_MODULES = YES;
				CLANG_ENABLE_OBJC_ARC = YES;
				CLANG_WARN_BLOCK_CAPTURE_AUTORELEASING = YES;
				CLANG_WARN_BOOL_CONVERSION = YES;
				CLANG_WARN_COMMA = YES;
				CLANG_WARN_CONSTANT_CONVERSION = YES;
				CLANG_WARN_DIRECT_OBJC_ISA_USAGE = YES_ERROR;
				CLANG_WARN_DOCUMENTATION_COMMENTS = YES;
				CLANG_WARN_EMPTY_BODY = YES;
				CLANG_WARN_ENUM_CONVERSION = YES;
				CLANG_WARN_INFINITE_RECURSION = YES;
				CLANG_WARN_INT_CONVERSION = YES;
				CLANG_WARN_NON_LITERAL_NULL_CONVERSION = YES;
				CLANG_WARN_OBJC_LITERAL_CONVERSION = YES;
				CLANG_WARN_OBJC_ROOT_CLASS = YES_ERROR;
				CLANG_WARN_RANGE_LOOP_ANALYSIS = YES;
				CLANG_WARN_STRICT_PROTOTYPES = YES;
				CLANG_WARN_SUSPICIOUS_MOVE = YES;
				CLANG_WARN_UNGUARDED_AVAILABILITY = YES_AGGRESSIVE;
				CLANG_WARN_UNREACHABLE_CODE = YES;
				CLANG_WARN__DUPLICATE_METHOD_MATCH = YES;
				CODE_SIGN_IDENTITY = "iPhone Developer";
				COPY_PHASE_STRIP = NO;
				DEBUG_INFORMATION_FORMAT = dwarf;
				ENABLE_STRICT_OBJC_MSGSEND = YES;
				ENABLE_TESTABILITY = YES;
				GCC_C_LANGUAGE_STANDARD = gnu11;
				GCC_DYNAMIC_NO_PIC = NO;
				GCC_NO_COMMON_BLOCKS = YES;
				GCC_OPTIMIZATION_LEVEL = 0;
				GCC_PREPROCESSOR_DEFINITIONS = (
					"DEBUG=1",
					"$(inherited)",
				);
				GCC_WARN_64_TO_32_BIT_CONVERSION = YES;
				GCC_WARN_ABOUT_RETURN_TYPE = YES_ERROR;
				GCC_WARN_UNDECLARED_SELECTOR = YES;
				GCC_WARN_UNINITIALIZED_AUTOS = YES_AGGRESSIVE;
				GCC_WARN_UNUSED_FUNCTION = YES;
				GCC_WARN_UNUSED_VARIABLE = YES;
				IPHONEOS_DEPLOYMENT_TARGET = 11.0;
				MTL_ENABLE_DEBUG_INFO = YES;
				ONLY_ACTIVE_ARCH = YES;
				SDKROOT = iphoneos;
			};
			name = Debug;
		};
		04E40F832133AADA008DE865 /* Release */ = {
			isa = XCBuildConfiguration;
			buildSettings = {
				ALWAYS_SEARCH_USER_PATHS = NO;
				CLANG_ANALYZER_NONNULL = YES;
				CLANG_ANALYZER_NUMBER_OBJECT_CONVERSION = YES_AGGRESSIVE;
				CLANG_CXX_LANGUAGE_STANDARD = "gnu++14";
				CLANG_CXX_LIBRARY = "libc++";
				CLANG_ENABLE_MODULES = YES;
				CLANG_ENABLE_OBJC_ARC = YES;
				CLANG_WARN_BLOCK_CAPTURE_AUTORELEASING = YES;
				CLANG_WARN_BOOL_CONVERSION = YES;
				CLANG_WARN_COMMA = YES;
				CLANG_WARN_CONSTANT_CONVERSION = YES;
				CLANG_WARN_DIRECT_OBJC_ISA_USAGE = YES_ERROR;
				CLANG_WARN_DOCUMENTATION_COMMENTS = YES;
				CLANG_WARN_EMPTY_BODY = YES;
				CLANG_WARN_ENUM_CONVERSION = YES;
				CLANG_WARN_INFINITE_RECURSION = YES;
				CLANG_WARN_INT_CONVERSION = YES;
				CLANG_WARN_NON_LITERAL_NULL_CONVERSION = YES;
				CLANG_WARN_OBJC_LITERAL_CONVERSION = YES;
				CLANG_WARN_OBJC_ROOT_CLASS = YES_ERROR;
				CLANG_WARN_RANGE_LOOP_ANALYSIS = YES;
				CLANG_WARN_STRICT_PROTOTYPES = YES;
				CLANG_WARN_SUSPICIOUS_MOVE = YES;
				CLANG_WARN_UNGUARDED_AVAILABILITY = YES_AGGRESSIVE;
				CLANG_WARN_UNREACHABLE_CODE = YES;
				CLANG_WARN__DUPLICATE_METHOD_MATCH = YES;
				CODE_SIGN_IDENTITY = "iPhone Developer";
				COPY_PHASE_STRIP = NO;
				DEBUG_INFORMATION_FORMAT = "dwarf-with-dsym";
				ENABLE_NS_ASSERTIONS = NO;
				ENABLE_STRICT_OBJC_MSGSEND = YES;
				GCC_C_LANGUAGE_STANDARD = gnu11;
				GCC_NO_COMMON_BLOCKS = YES;
				GCC_WARN_64_TO_32_BIT_CONVERSION = YES;
				GCC_WARN_ABOUT_RETURN_TYPE = YES_ERROR;
				GCC_WARN_UNDECLARED_SELECTOR = YES;
				GCC_WARN_UNINITIALIZED_AUTOS = YES_AGGRESSIVE;
				GCC_WARN_UNUSED_FUNCTION = YES;
				GCC_WARN_UNUSED_VARIABLE = YES;
				IPHONEOS_DEPLOYMENT_TARGET = 11.0;
				MTL_ENABLE_DEBUG_INFO = NO;
				SDKROOT = iphoneos;
				VALIDATE_PRODUCT = YES;
			};
			name = Release;
		};
		04E40F852133AADA008DE865 /* Debug */ = {
			isa = XCBuildConfiguration;
			baseConfigurationReference = 43F802D555C0D7EEA49915DB /* Pods-demos.debug.xcconfig */;
			buildSettings = {
				ASSETCATALOG_COMPILER_APPICON_NAME = AppIcon;
				CODE_SIGN_ENTITLEMENTS = demos/demos.entitlements;
				CODE_SIGN_IDENTITY = "iPhone Developer";
				CODE_SIGN_STYLE = Manual;
				DEBUG_INFORMATION_FORMAT = "dwarf-with-dsym";
				DEVELOPMENT_TEAM = E5KJ8HF8M5;
				ENABLE_BITCODE = NO;
				GCC_INCREASE_PRECOMPILED_HEADER_SHARING = NO;
				GCC_PREFIX_HEADER = "$(SRCROOT)/demos/PrefixHeader.pch";
				INFOPLIST_FILE = demos/Info.plist;
				IPHONEOS_DEPLOYMENT_TARGET = 10.0;
				LD_RUNPATH_SEARCH_PATHS = "$(inherited) @executable_path/Frameworks";
				PRODUCT_BUNDLE_IDENTIFIER = com.cqt.okauth;
				PRODUCT_NAME = "$(TARGET_NAME)";
				PROVISIONING_PROFILE_SPECIFIER = okAutoDev;
				TARGETED_DEVICE_FAMILY = "1,2";
				USER_HEADER_SEARCH_PATHS = "${SRCROOT}/**";
			};
			name = Debug;
		};
		04E40F862133AADA008DE865 /* Release */ = {
			isa = XCBuildConfiguration;
			baseConfigurationReference = 40F773EFD6F30E8A78E309D7 /* Pods-demos.release.xcconfig */;
			buildSettings = {
				ASSETCATALOG_COMPILER_APPICON_NAME = AppIcon;
				CODE_SIGN_ENTITLEMENTS = demos/demos.entitlements;
				CODE_SIGN_IDENTITY = "iPhone Developer";
				CODE_SIGN_STYLE = Manual;
				DEVELOPMENT_TEAM = E5KJ8HF8M5;
				ENABLE_BITCODE = NO;
				GCC_INCREASE_PRECOMPILED_HEADER_SHARING = NO;
				GCC_PREFIX_HEADER = "$(SRCROOT)/demos/PrefixHeader.pch";
				INFOPLIST_FILE = demos/Info.plist;
				IPHONEOS_DEPLOYMENT_TARGET = 10.0;
				LD_RUNPATH_SEARCH_PATHS = "$(inherited) @executable_path/Frameworks";
				PRODUCT_BUNDLE_IDENTIFIER = com.cqt.okauth;
				PRODUCT_NAME = "$(TARGET_NAME)";
				PROVISIONING_PROFILE_SPECIFIER = okAutoDev;
				TARGETED_DEVICE_FAMILY = "1,2";
				USER_HEADER_SEARCH_PATHS = "${SRCROOT}/**";
			};
			name = Release;
		};
		D4CCA7F924E144D0003AF989 /* Debug */ = {
			isa = XCBuildConfiguration;
			buildSettings = {
				CLANG_ENABLE_OBJC_WEAK = YES;
				CLANG_WARN_DEPRECATED_OBJC_IMPLEMENTATIONS = YES;
				CLANG_WARN_OBJC_IMPLICIT_RETAIN_SELF = YES;
				CODE_SIGN_IDENTITY = "iPhone Developer";
				CODE_SIGN_STYLE = Automatic;
				DEVELOPMENT_TEAM = E5KJ8HF8M5;
				INFOPLIST_FILE = content/Info.plist;
				IPHONEOS_DEPLOYMENT_TARGET = 13.5;
				LD_RUNPATH_SEARCH_PATHS = "$(inherited) @executable_path/Frameworks @executable_path/../../Frameworks";
				MTL_ENABLE_DEBUG_INFO = INCLUDE_SOURCE;
				MTL_FAST_MATH = YES;
				PRODUCT_BUNDLE_IDENTIFIER = com.cqt.okauth.content;
				PRODUCT_NAME = "$(TARGET_NAME)";
				SKIP_INSTALL = YES;
				TARGETED_DEVICE_FAMILY = "1,2";
			};
			name = Debug;
		};
		D4CCA7FA24E144D0003AF989 /* Release */ = {
			isa = XCBuildConfiguration;
			buildSettings = {
				CLANG_ENABLE_OBJC_WEAK = YES;
				CLANG_WARN_DEPRECATED_OBJC_IMPLEMENTATIONS = YES;
				CLANG_WARN_OBJC_IMPLICIT_RETAIN_SELF = YES;
				CODE_SIGN_IDENTITY = "iPhone Developer";
				CODE_SIGN_STYLE = Automatic;
				DEVELOPMENT_TEAM = E5KJ8HF8M5;
				INFOPLIST_FILE = content/Info.plist;
				IPHONEOS_DEPLOYMENT_TARGET = 13.5;
				LD_RUNPATH_SEARCH_PATHS = "$(inherited) @executable_path/Frameworks @executable_path/../../Frameworks";
				MTL_FAST_MATH = YES;
				PRODUCT_BUNDLE_IDENTIFIER = com.cqt.okauth.content;
				PRODUCT_NAME = "$(TARGET_NAME)";
				SKIP_INSTALL = YES;
				TARGETED_DEVICE_FAMILY = "1,2";
			};
			name = Release;
		};
		D4CCA80A24E14501003AF989 /* Debug */ = {
			isa = XCBuildConfiguration;
			buildSettings = {
				CLANG_ENABLE_OBJC_WEAK = YES;
				CLANG_WARN_DEPRECATED_OBJC_IMPLEMENTATIONS = YES;
				CLANG_WARN_OBJC_IMPLICIT_RETAIN_SELF = YES;
				CODE_SIGN_IDENTITY = "iPhone Developer";
				CODE_SIGN_STYLE = Automatic;
				DEVELOPMENT_TEAM = E5KJ8HF8M5;
				INFOPLIST_FILE = sever/Info.plist;
				IPHONEOS_DEPLOYMENT_TARGET = 13.5;
				LD_RUNPATH_SEARCH_PATHS = "$(inherited) @executable_path/Frameworks @executable_path/../../Frameworks";
				MTL_ENABLE_DEBUG_INFO = INCLUDE_SOURCE;
				MTL_FAST_MATH = YES;
				PRODUCT_BUNDLE_IDENTIFIER = com.cqt.okauth.sever;
				PRODUCT_NAME = "$(TARGET_NAME)";
				SKIP_INSTALL = YES;
				TARGETED_DEVICE_FAMILY = "1,2";
			};
			name = Debug;
		};
		D4CCA80B24E14501003AF989 /* Release */ = {
			isa = XCBuildConfiguration;
			buildSettings = {
				CLANG_ENABLE_OBJC_WEAK = YES;
				CLANG_WARN_DEPRECATED_OBJC_IMPLEMENTATIONS = YES;
				CLANG_WARN_OBJC_IMPLICIT_RETAIN_SELF = YES;
				CODE_SIGN_IDENTITY = "iPhone Developer";
				CODE_SIGN_STYLE = Automatic;
				DEVELOPMENT_TEAM = E5KJ8HF8M5;
				INFOPLIST_FILE = sever/Info.plist;
				IPHONEOS_DEPLOYMENT_TARGET = 13.5;
				LD_RUNPATH_SEARCH_PATHS = "$(inherited) @executable_path/Frameworks @executable_path/../../Frameworks";
				MTL_FAST_MATH = YES;
				PRODUCT_BUNDLE_IDENTIFIER = com.cqt.okauth.sever;
				PRODUCT_NAME = "$(TARGET_NAME)";
				SKIP_INSTALL = YES;
				TARGETED_DEVICE_FAMILY = "1,2";
			};
			name = Release;
		};
/* End XCBuildConfiguration section */

/* Begin XCConfigurationList section */
		04E40F662133AADA008DE865 /* Build configuration list for PBXProject "demos" */ = {
			isa = XCConfigurationList;
			buildConfigurations = (
				04E40F822133AADA008DE865 /* Debug */,
				04E40F832133AADA008DE865 /* Release */,
			);
			defaultConfigurationIsVisible = 0;
			defaultConfigurationName = Release;
		};
		04E40F842133AADA008DE865 /* Build configuration list for PBXNativeTarget "demos" */ = {
			isa = XCConfigurationList;
			buildConfigurations = (
				04E40F852133AADA008DE865 /* Debug */,
				04E40F862133AADA008DE865 /* Release */,
			);
			defaultConfigurationIsVisible = 0;
			defaultConfigurationName = Release;
		};
		D4CCA7FB24E144D0003AF989 /* Build configuration list for PBXNativeTarget "content" */ = {
			isa = XCConfigurationList;
			buildConfigurations = (
				D4CCA7F924E144D0003AF989 /* Debug */,
				D4CCA7FA24E144D0003AF989 /* Release */,
			);
			defaultConfigurationIsVisible = 0;
			defaultConfigurationName = Release;
		};
		D4CCA80924E14501003AF989 /* Build configuration list for PBXNativeTarget "sever" */ = {
			isa = XCConfigurationList;
			buildConfigurations = (
				D4CCA80A24E14501003AF989 /* Debug */,
				D4CCA80B24E14501003AF989 /* Release */,
			);
			defaultConfigurationIsVisible = 0;
			defaultConfigurationName = Release;
		};
/* End XCConfigurationList section */

/* Begin XCVersionGroup section */
		04E40F772133AADA008DE865 /* demos.xcdatamodeld */ = {
			isa = XCVersionGroup;
			children = (
				04E40F782133AADA008DE865 /* demos.xcdatamodel */,
			);
			currentVersion = 04E40F782133AADA008DE865 /* demos.xcdatamodel */;
			path = demos.xcdatamodeld;
			sourceTree = "<group>";
			versionGroupType = wrapper.xcdatamodel;
		};
/* End XCVersionGroup section */
	};
	rootObject = 04E40F632133AADA008DE865 /* Project object */;
}
